<?xml version="1.0" encoding="utf-8"?>
<Project ToolsVersion="4.0" xmlns="http://schemas.microsoft.com/developer/msbuild/2003">
  <ItemGroup>
    <ClCompile Include="main.cpp" />
    <ClCompile Include="TestScreen.cpp" />
  </ItemGroup>
  <ItemGroup>
    <Filter Include="header">
      <UniqueIdentifier>{c48f8c0e-4954-4eef-85fe-3bd679368d66}</UniqueIdentifier>
    </Filter>
  </ItemGroup>
  <ItemGroup>
    <ClInclude Include="TestScreen.h" />
    <ClInclude Include="..\..\..\..\MCPE-Headers\ScreenRenderer.h">
      <Filter>header</Filter>
    </ClInclude>
    <ClInclude Include="..\..\..\..\MCPE-Headers\ScreenView.h">
      <Filter>header</Filter>
    </ClInclude>
    <ClInclude Include="..\..\..\..\MCPE-Headers\ScrollingPane.h">
      <Filter>header</Filter>
    </ClInclude>
    <ClInclude Include="..\..\..\..\MCPE-Headers\SharedConstants.h">
      <Filter>header</Filter>
    </ClInclude>
    <ClInclude Include="..\..\..\..\MCPE-Headers\SkinInfoData.h">
      <Filter>header</Filter>
    </ClInclude>
    <ClInclude Include="..\..\..\..\MCPE-Headers\SkinInfoFactory.h">
      <Filter>header</Filter>
    </ClInclude>
    <ClInclude Include="..\..\..\..\MCPE-Headers\StickDirection.h">
      <Filter>header</Filter>
    </ClInclude>
    <ClInclude Include="..\..\..\..\MCPE-Headers\UIControlFactory.h">
      <Filter>header</Filter>
    </ClInclude>
    <ClInclude Include="..\..\..\..\MCPE-Headers\Vec2.h">
      <Filter>header</Filter>
    </ClInclude>
    <ClInclude Include="..\..\..\..\MCPE-Headers\Vec3.h">
      <Filter>header</Filter>
    </ClInclude>
    <ClInclude Include="..\..\..\..\MCPE-Headers\Vibration.h">
      <Filter>header</Filter>
    </ClInclude>
    <ClInclude Include="..\..\..\..\MCPE-Headers\AbstractScreen.h">
      <Filter>header</Filter>
    </ClInclude>
    <ClInclude Include="..\..\..\..\MCPE-Headers\App.h">
      <Filter>header</Filter>
    </ClInclude>
    <ClInclude Include="..\..\..\..\MCPE-Headers\AppPlatform.h">
      <Filter>header</Filter>
    </ClInclude>
    <ClInclude Include="..\..\..\..\MCPE-Headers\AppPlatform_android.h">
      <Filter>header</Filter>
    </ClInclude>
    <ClInclude Include="..\..\..\..\MCPE-Headers\AppPlatformListener.h">
      <Filter>header</Filter>
    </ClInclude>
    <ClInclude Include="..\..\..\..\MCPE-Headers\BaseScreen.h">
      <Filter>header</Filter>
    </ClInclude>
    <ClInclude Include="..\..\..\..\MCPE-Headers\BlankButton.h">
      <Filter>header</Filter>
    </ClInclude>
    <ClInclude Include="..\..\..\..\MCPE-Headers\BlockPos.h">
      <Filter>header</Filter>
    </ClInclude>
    <ClInclude Include="..\..\..\..\MCPE-Headers\BlockProperty.h">
      <Filter>header</Filter>
    </ClInclude>
    <ClInclude Include="..\..\..\..\MCPE-Headers\Button.h">
      <Filter>header</Filter>
    </ClInclude>
    <ClInclude Include="..\..\..\..\MCPE-Headers\ChestScreen.h">
      <Filter>header</Filter>
    </ClInclude>
    <ClInclude Include="..\..\..\..\MCPE-Headers\ClientSkinInfoData.h">
      <Filter>header</Filter>
    </ClInclude>
    <ClInclude Include="..\..\..\..\MCPE-Headers\Color.h">
      <Filter>header</Filter>
    </ClInclude>
    <ClInclude Include="..\..\..\..\MCPE-Headers\CommonTypes.h">
      <Filter>header</Filter>
    </ClInclude>
    <ClInclude Include="..\..\..\..\MCPE-Headers\Entity.h">
      <Filter>header</Filter>
    </ClInclude>
    <ClInclude Include="..\..\..\..\MCPE-Headers\EntityShaderManager.h">
      <Filter>header</Filter>
    </ClInclude>
    <ClInclude Include="..\..\..\..\MCPE-Headers\GameCallbacks.h">
      <Filter>header</Filter>
    </ClInclude>
    <ClInclude Include="..\..\..\..\MCPE-Headers\GuiComponent.h">
      <Filter>header</Filter>
    </ClInclude>
    <ClInclude Include="..\..\..\..\MCPE-Headers\GuiElement.h">
      <Filter>header</Filter>
    </ClInclude>
    <ClInclude Include="..\..\..\..\MCPE-Headers\GuiElementContainer.h">
      <Filter>header</Filter>
    </ClInclude>
    <ClInclude Include="..\..\..\..\MCPE-Headers\InventoryPane.h">
      <Filter>header</Filter>
    </ClInclude>
    <ClInclude Include="..\..\..\..\MCPE-Headers\Item.h">
      <Filter>header</Filter>
    </ClInclude>
    <ClInclude Include="..\..\..\..\MCPE-Headers\LocalPlayer.h">
      <Filter>header</Filter>
    </ClInclude>
    <ClInclude Include="..\..\..\..\MCPE-Headers\MinecraftClient.h">
      <Filter>header</Filter>
    </ClInclude>
    <ClInclude Include="..\..\..\..\MCPE-Headers\MinecraftScreenController.h">
      <Filter>header</Filter>
    </ClInclude>
    <ClInclude Include="..\..\..\..\MCPE-Headers\MinecraftScreenModel.h">
      <Filter>header</Filter>
    </ClInclude>
    <ClInclude Include="..\..\..\..\MCPE-Headers\Mob.h">
      <Filter>header</Filter>
    </ClInclude>
    <ClInclude Include="..\..\..\..\MCPE-Headers\NewType.h">
      <Filter>header</Filter>
    </ClInclude>
    <ClInclude Include="..\..\..\..\MCPE-Headers\Player.h">
      <Filter>header</Filter>
    </ClInclude>
    <ClInclude Include="..\..\..\..\MCPE-Headers\Screen.h">
      <Filter>header</Filter>
    </ClInclude>
    <ClInclude Include="..\..\..\..\MCPE-Headers\ScreenChooser.h">
      <Filter>header</Filter>
    </ClInclude>
    <ClInclude Include="..\..\..\..\MCPE-Headers\ScreenController.h">
      <Filter>header</Filter>
    </ClInclude>
    <ClInclude Include="..\..\..\..\MCPE-Headers\MinecraftInputHandler.h">
      <Filter>header</Filter>
    </ClInclude>
    <ClInclude Include="..\..\..\..\MCPE-Headers\IConfigListener.h">
      <Filter>header</Filter>
    </ClInclude>
    <ClInclude Include="..\..\..\..\MCPE-Headers\UIControl.h">
      <Filter>header</Filter>
    </ClInclude>
    <ClInclude Include="..\..\..\..\MCPE-Headers\ScreenViewAdapter.h">
      <Filter>header</Filter>
    </ClInclude>
    <ClInclude Include="..\..\..\..\MCPE-Headers\NameRegistry.h">
      <Filter>header</Filter>
    </ClInclude>
    <ClInclude Include="..\..\..\..\MCPE-Headers\MinecraftKeyboardManager.h">
      <Filter>header</Filter>
    </ClInclude>
    <ClInclude Include="..\..\..\..\MCPE-Headers\KeyboardManager.h">
      <Filter>header</Filter>
    </ClInclude>
  </ItemGroup>
</Project>